Microsoft Visual Studio Solution File, Format Version 12.00
# Visual Studio Version 17
VisualStudioVersion = 17.0.31903.59
MinimumVisualStudioVersion = 10.0.40219.1
Project("{FAE04EC0-301F-11D3-BF4B-00C04F79EFBC}") = "Core.Infrastructure.McpServer", "Core.Infrastructure.McpServer\Core.Infrastructure.McpServer.csproj", "{D63AB00C-3AD7-49A1-A1C9-C8F3D4723D7C}"
EndProject
Project("{FAE04EC0-301F-11D3-BF4B-00C04F79EFBC}") = "Core.Infrastructure.SqlClient", "Core.Infrastructure.SqlClient\Core.Infrastructure.SqlClient.csproj", "{7D1B88A4-E2B1-4C41-86FC-86C5CCE6D2E3}"
EndProject
Project("{FAE04EC0-301F-11D3-BF4B-00C04F79EFBC}") = "Core.Application", "Core.Application\Core.Application.csproj", "{2CAEB32E-061B-4524-91D8-61C19EC9CCF7}"
EndProject
Global
	GlobalSection(SolutionConfigurationPlatforms) = preSolution
		Debug|Any CPU = Debug|Any CPU
		Release|Any CPU = Release|Any CPU
	EndGlobalSection
	GlobalSection(ProjectConfigurationPlatforms) = postSolution
		{D63AB00C-3AD7-49A1-A1C9-C8F3D4723D7C}.Debug|Any CPU.ActiveCfg = Debug|Any CPU
		{D63AB00C-3AD7-49A1-A1C9-C8F3D4723D7C}.Debug|Any CPU.Build.0 = Debug|Any CPU
		{D63AB00C-3AD7-49A1-A1C9-C8F3D4723D7C}.Release|Any CPU.ActiveCfg = Release|Any CPU
		{D63AB00C-3AD7-49A1-A1C9-C8F3D4723D7C}.Release|Any CPU.Build.0 = Release|Any CPU
		{7D1B88A4-E2B1-4C41-86FC-86C5CCE6D2E3}.Debug|Any CPU.ActiveCfg = Debug|Any CPU
		{7D1B88A4-E2B1-4C41-86FC-86C5CCE6D2E3}.Debug|Any CPU.Build.0 = Debug|Any CPU
		{7D1B88A4-E2B1-4C41-86FC-86C5CCE6D2E3}.Release|Any CPU.ActiveCfg = Release|Any CPU
		{7D1B88A4-E2B1-4C41-86FC-86C5CCE6D2E3}.Release|Any CPU.Build.0 = Release|Any CPU
		{2CAEB32E-061B-4524-91D8-61C19EC9CCF7}.Debug|Any CPU.ActiveCfg = Debug|Any CPU
		{2CAEB32E-061B-4524-91D8-61C19EC9CCF7}.Debug|Any CPU.Build.0 = Debug|Any CPU
		{2CAEB32E-061B-4524-91D8-61C19EC9CCF7}.Release|Any CPU.ActiveCfg = Release|Any CPU
		{2CAEB32E-061B-4524-91D8-61C19EC9CCF7}.Release|Any CPU.Build.0 = Release|Any CPU
	EndGlobalSection
	GlobalSection(SolutionProperties) = preSolution
		HideSolutionNode = FALSE
	EndGlobalSection
	GlobalSection(ExtensibilityGlobals) = postSolution
		SolutionGuid = {3F7B6185-957B-4029-8401-9E2CAFA669FC}
	EndGlobalSection
EndGlobal
